# This file is @generated by PDM.
# It is not intended for manual editing.

[[package]]
name = "pydantic"
version = "1.10.9"
requires_python = ">=3.7"
summary = "Data validation and settings management using python type hints"
dependencies = [
    "typing-extensions>=4.2.0",
]

[[package]]
name = "pygame"
version = "2.4.0"
requires_python = ">=3.6"
summary = "Python Game Development"

[[package]]
name = "typing-extensions"
version = "4.6.3"
requires_python = ">=3.7"
summary = "Backported and Experimental Type Hints for Python 3.7+"

[metadata]
lock_version = "4.2"
cross_platform = true
groups = ["default"]
content_hash = "sha256:b593ab9e7c95b4eb155c40e9428c87166e87ec9a8669186e4d163b149eab2a77"

[metadata.files]
"pydantic 1.10.9" = [
    {url = "https://files.pythonhosted.org/packages/02/05/1c505fd7cc174ddecd5aa956057638ba6039b584af6fa9687f11a074fca7/pydantic-1.10.9-cp39-cp39-manylinux_2_17_x86_64.manylinux2014_x86_64.whl", hash = "sha256:83fcff3c7df7adff880622a98022626f4f6dbce6639a88a15a3ce0f96466cb60"},
    {url = "https://files.pythonhosted.org/packages/0a/53/5dbbfac34a8040d9af562287d7604d001170b88aa0df6789ce670aa77718/pydantic-1.10.9-cp37-cp37m-manylinux_2_5_i686.manylinux1_i686.manylinux_2_17_i686.manylinux2014_i686.whl", hash = "sha256:2196c06484da2b3fded1ab6dbe182bdabeb09f6318b7fdc412609ee2b564c49a"},
    {url = "https://files.pythonhosted.org/packages/0e/7a/6d5d0cd7155a9625a78860698b2efe992eb9539eeddbeca099e34b0b0bb5/pydantic-1.10.9-cp37-cp37m-manylinux_2_17_x86_64.manylinux2014_x86_64.whl", hash = "sha256:67195274fd27780f15c4c372f4ba9a5c02dad6d50647b917b6a92bf00b3d301a"},
    {url = "https://files.pythonhosted.org/packages/0f/2e/e22c5765f342d8250edf706c6852c241d1c0696387464343026e47f92399/pydantic-1.10.9-cp38-cp38-macosx_11_0_arm64.whl", hash = "sha256:f50e1764ce9353be67267e7fd0da08349397c7db17a562ad036aa7c8f4adfdb6"},
    {url = "https://files.pythonhosted.org/packages/1b/36/d0699cae7a41eb741175321ec338095d9981d05661a543b1705b35fcf7fa/pydantic-1.10.9-cp37-cp37m-musllinux_1_1_x86_64.whl", hash = "sha256:3283b574b01e8dbc982080d8287c968489d25329a463b29a90d4157de4f2baaf"},
    {url = "https://files.pythonhosted.org/packages/1c/09/2395aebb2363026f23599df9c79353111ba0921d9b5fa188fc63065d605f/pydantic-1.10.9-cp310-cp310-macosx_10_9_x86_64.whl", hash = "sha256:e692dec4a40bfb40ca530e07805b1208c1de071a18d26af4a2a0d79015b352ca"},
    {url = "https://files.pythonhosted.org/packages/1d/ac/d9b98a37670d755f2488dba7e2b3a91e1f4123fe32c726827a03a24af7b1/pydantic-1.10.9-cp310-cp310-manylinux_2_17_x86_64.manylinux2014_x86_64.whl", hash = "sha256:939328fd539b8d0edf244327398a667b6b140afd3bf7e347cf9813c736211896"},
    {url = "https://files.pythonhosted.org/packages/25/7d/b15e5da706957af6a570a2155ad80db47a82f1fe343beb9903b38adbb6a3/pydantic-1.10.9-cp311-cp311-win_amd64.whl", hash = "sha256:7845b31959468bc5b78d7b95ec52fe5be32b55d0d09983a877cca6aedc51068f"},
    {url = "https://files.pythonhosted.org/packages/26/8f/8d93aae2517f702858b16d11bb3b740fa57cf00d2f986026ff852e1d6993/pydantic-1.10.9-cp39-cp39-win_amd64.whl", hash = "sha256:e7c9900b43ac14110efa977be3da28931ffc74c27e96ee89fbcaaf0b0fe338e1"},
    {url = "https://files.pythonhosted.org/packages/2d/8b/00fa25d377e804bb78e2d9c0cf75363d16e92bb7b6359aec825175520b12/pydantic-1.10.9-cp39-cp39-musllinux_1_1_i686.whl", hash = "sha256:0a2aabdc73c2a5960e87c3ffebca6ccde88665616d1fd6d3db3178ef427b267a"},
    {url = "https://files.pythonhosted.org/packages/2d/ba/7d8c23a4c80bf33c3bffc66e98818087d1662eeaa44bdadb58bfbfcbd10f/pydantic-1.10.9-cp311-cp311-macosx_10_9_x86_64.whl", hash = "sha256:d111a21bbbfd85c17248130deac02bbd9b5e20b303338e0dbe0faa78330e37e0"},
    {url = "https://files.pythonhosted.org/packages/35/2c/eadcfc255b5ba09113ba2cef4910355656116591947e8251ef03e14ac2b4/pydantic-1.10.9-cp310-cp310-manylinux_2_5_i686.manylinux1_i686.manylinux_2_17_i686.manylinux2014_i686.whl", hash = "sha256:b48d3d634bca23b172f47f2335c617d3fcb4b3ba18481c96b7943a4c634f5c8d"},
    {url = "https://files.pythonhosted.org/packages/3d/dc/e6c3abd1e486c32ace48c0a5f545865f54c934ce809192aaa56e10989ed6/pydantic-1.10.9-cp311-cp311-musllinux_1_1_x86_64.whl", hash = "sha256:7847ca62e581e6088d9000f3c497267868ca2fa89432714e21a4fb33a04d52e8"},
    {url = "https://files.pythonhosted.org/packages/45/3c/23b1d0ca338ee91ad45057a4ef1130282bf155a3b45c9e82d2adf89ddceb/pydantic-1.10.9-cp39-cp39-manylinux_2_5_i686.manylinux1_i686.manylinux_2_17_i686.manylinux2014_i686.whl", hash = "sha256:0da48717dc9495d3a8f215e0d012599db6b8092db02acac5e0d58a65248ec5bc"},
    {url = "https://files.pythonhosted.org/packages/46/a2/8b29ba7ff9666ad96e23258d317fbf63f66c397801a274e352fc532ab901/pydantic-1.10.9-cp39-cp39-musllinux_1_1_x86_64.whl", hash = "sha256:9863b9420d99dfa9c064042304868e8ba08e89081428a1c471858aa2af6f57c4"},
    {url = "https://files.pythonhosted.org/packages/5b/31/e773155df3b875f5c7af23a5a8db5f8b9f06526cc08bc20a02c07d24f263/pydantic-1.10.9-cp310-cp310-musllinux_1_1_i686.whl", hash = "sha256:f0b7628fb8efe60fe66fd4adadd7ad2304014770cdc1f4934db41fe46cc8825f"},
    {url = "https://files.pythonhosted.org/packages/63/c3/a79f780b1e52b2e836f489f09710451e110114be5eede5dcaa57535d7a7d/pydantic-1.10.9-cp38-cp38-macosx_10_9_x86_64.whl", hash = "sha256:b9cd67fb763248cbe38f0593cd8611bfe4b8ad82acb3bdf2b0898c23415a1f82"},
    {url = "https://files.pythonhosted.org/packages/66/a8/85ce916a7be8f601782b5a4162ddfedafccbb7ab61b1b409507aab7f9913/pydantic-1.10.9-cp310-cp310-win_amd64.whl", hash = "sha256:eec39224b2b2e861259d6f3c8b6290d4e0fbdce147adb797484a42278a1a486f"},
    {url = "https://files.pythonhosted.org/packages/6a/88/4979f837c8ec013761610ea7c27f0fc99bcc7e06ece6c239fafff1b282f5/pydantic-1.10.9-cp310-cp310-macosx_11_0_arm64.whl", hash = "sha256:3c52eb595db83e189419bf337b59154bdcca642ee4b2a09e5d7797e41ace783f"},
    {url = "https://files.pythonhosted.org/packages/7b/54/6843930a0a0632e8431a3d2071e253e1bddd1ac41ea32ae40897497cd14f/pydantic-1.10.9-cp311-cp311-macosx_11_0_arm64.whl", hash = "sha256:2e9aec8627a1a6823fc62fb96480abe3eb10168fd0d859ee3d3b395105ae19a7"},
    {url = "https://files.pythonhosted.org/packages/8b/7b/41b331751b75cc215724c49646bef438fb23f4d1e3938e07fd5a10178b67/pydantic-1.10.9-cp39-cp39-macosx_11_0_arm64.whl", hash = "sha256:7e1d5290044f620f80cf1c969c542a5468f3656de47b41aa78100c5baa2b8276"},
    {url = "https://files.pythonhosted.org/packages/8c/ea/1483d76e4048af279fe7f49f35ea0fce6ec34d6b0276c775618204121cd0/pydantic-1.10.9-cp311-cp311-musllinux_1_1_i686.whl", hash = "sha256:4b466a23009ff5cdd7076eb56aca537c745ca491293cc38e72bf1e0e00de5b91"},
    {url = "https://files.pythonhosted.org/packages/a5/2a/dbc7a80b6192cc49efb27dc9c29965911ce7aef95c11466989ffcf0b0784/pydantic-1.10.9-cp38-cp38-win_amd64.whl", hash = "sha256:963671eda0b6ba6926d8fc759e3e10335e1dc1b71ff2a43ed2efd6996634dafb"},
    {url = "https://files.pythonhosted.org/packages/b5/e9/5ffcdbe8ceb1ac23184b16bbd90fb5f20cdf1022e658d864c7782a32bc40/pydantic-1.10.9-cp38-cp38-musllinux_1_1_i686.whl", hash = "sha256:ad428e92ab68798d9326bb3e5515bc927444a3d71a93b4a2ca02a8a5d795c572"},
    {url = "https://files.pythonhosted.org/packages/b8/38/d956a7a25c962a0b231a33fc4323c31177920cd6f0cdea69e0225369dad0/pydantic-1.10.9-cp39-cp39-macosx_10_9_x86_64.whl", hash = "sha256:970b1bdc6243ef663ba5c7e36ac9ab1f2bfecb8ad297c9824b542d41a750b298"},
    {url = "https://files.pythonhosted.org/packages/bd/d2/703bfdc4a17f4c20d0d76fd447266a8e5e58208b4a75aaa2aa3534f9000b/pydantic-1.10.9-cp38-cp38-musllinux_1_1_x86_64.whl", hash = "sha256:fab81a92f42d6d525dd47ced310b0c3e10c416bbfae5d59523e63ea22f82b31e"},
    {url = "https://files.pythonhosted.org/packages/c0/82/a14d25985fbfe7be8ba871db8d6a972c1bd9af8a904425b335ce37830b80/pydantic-1.10.9-cp311-cp311-manylinux_2_5_i686.manylinux1_i686.manylinux_2_17_i686.manylinux2014_i686.whl", hash = "sha256:7ee829b86ce984261d99ff2fd6e88f2230068d96c2a582f29583ed602ef3fc2c"},
    {url = "https://files.pythonhosted.org/packages/c7/5e/d2f760680276a015b7b9a3ccd66e4ab7924d3ee425fcf59daa949dc2ae79/pydantic-1.10.9-cp37-cp37m-win_amd64.whl", hash = "sha256:5f8bbaf4013b9a50e8100333cc4e3fa2f81214033e05ac5aa44fa24a98670a29"},
    {url = "https://files.pythonhosted.org/packages/ca/1a/78c25abfc36fd22ae79042dc26692cfead3fc03eeb5dbaae50536f1bc9c1/pydantic-1.10.9-cp310-cp310-musllinux_1_1_x86_64.whl", hash = "sha256:e1aa5c2410769ca28aa9a7841b80d9d9a1c5f223928ca8bec7e7c9a34d26b1d4"},
    {url = "https://files.pythonhosted.org/packages/ce/4c/56283ddccc9cf5f4fabad21b0fec0f28867225c0cedd9ef3432872bf9456/pydantic-1.10.9-cp38-cp38-manylinux_2_5_i686.manylinux1_i686.manylinux_2_17_i686.manylinux2014_i686.whl", hash = "sha256:128d9453d92e6e81e881dd7e2484e08d8b164da5507f62d06ceecf84bf2e21d3"},
    {url = "https://files.pythonhosted.org/packages/ce/80/92bdb68e1fda29be502adfd0b95c4cdef41f498a35125d0d540d4696c091/pydantic-1.10.9-cp311-cp311-manylinux_2_17_x86_64.manylinux2014_x86_64.whl", hash = "sha256:07293ab08e7b4d3c9d7de4949a0ea571f11e4557d19ea24dd3ae0c524c0c334d"},
    {url = "https://files.pythonhosted.org/packages/cf/6b/19bc450d7d51ed7e5eddfe2e09f10bd054b8e766526fbf1e6735d185039e/pydantic-1.10.9-cp37-cp37m-musllinux_1_1_i686.whl", hash = "sha256:6257bb45ad78abacda13f15bde5886efd6bf549dd71085e64b8dcf9919c38b60"},
    {url = "https://files.pythonhosted.org/packages/d5/27/29f43b7148eb3d6e5fdd14935e88f03b6b501baddf88fb6913da7f3f7661/pydantic-1.10.9-cp38-cp38-manylinux_2_17_x86_64.manylinux2014_x86_64.whl", hash = "sha256:73ef93e5e1d3c8e83f1ff2e7fdd026d9e063c7e089394869a6e2985696693766"},
    {url = "https://files.pythonhosted.org/packages/e1/36/9d92178cba055627c891f3a57b660d2d4e6fe84419a520d16a677050b4e1/pydantic-1.10.9-cp37-cp37m-macosx_10_9_x86_64.whl", hash = "sha256:517a681919bf880ce1dac7e5bc0c3af1e58ba118fd774da2ffcd93c5f96eaece"},
    {url = "https://files.pythonhosted.org/packages/ec/0a/cf955f8bb3b9498d554522cfe7cb9b019ba9f8b86e2879009f604207b72c/pydantic-1.10.9.tar.gz", hash = "sha256:95c70da2cd3b6ddf3b9645ecaa8d98f3d80c606624b6d245558d202cd23ea3be"},
    {url = "https://files.pythonhosted.org/packages/ed/8c/278ece6217c6dc15ab588e2b68d3d9953b426648f70444eed93eb61f8d30/pydantic-1.10.9-py3-none-any.whl", hash = "sha256:6cafde02f6699ce4ff643417d1a9223716ec25e228ddc3b436fe7e2d25a1f305"},
]
"pygame 2.4.0" = [
    {url = "https://files.pythonhosted.org/packages/00/e8/691b773b559f08f9eb052fab652c0e34853f11f352144969cd5c0a0b5b10/pygame-2.4.0-cp310-cp310-manylinux_2_17_aarch64.manylinux2014_aarch64.whl", hash = "sha256:418659c2d42f6a2356e2691006d79b6e07fd4992f9e904a2638c51c992f3e41b"},
    {url = "https://files.pythonhosted.org/packages/01/67/1b3d368a2d89f05423f07ec265279fc65e788364cc1e757d69f94d4c3d7c/pygame-2.4.0-cp37-cp37m-manylinux_2_17_i686.manylinux2014_i686.whl", hash = "sha256:f576403c2b14f0eea694365b9018d5bacac70b1550261ffc7a54a92e18967541"},
    {url = "https://files.pythonhosted.org/packages/03/ed/5a5edfd2c7d20a624ac374011786e00117dad366473840a1f71109def598/pygame-2.4.0-cp38-cp38-manylinux_2_17_aarch64.manylinux2014_aarch64.whl", hash = "sha256:b04451e5addae3a078a7a4f494e6b217025f4813dfb364a49c250fc5dfd1d2e2"},
    {url = "https://files.pythonhosted.org/packages/04/92/d20dfeb73585d6f806498d99eb7d659142cc20e8c9323b2541a69fcc2caf/pygame-2.4.0-cp39-cp39-win32.whl", hash = "sha256:fb7bb86c4aedb4382d7f643ff7d21ab4731d59ddb9b448e78b9125ab1addc007"},
    {url = "https://files.pythonhosted.org/packages/08/55/2da9f663e51de1f94b52a0ba2f865971930692c1c8463035900d495895ad/pygame-2.4.0-cp38-cp38-win32.whl", hash = "sha256:14492d8c0eaad778bb10b6d53eaea4ef77f4d3431b6b7c857397dc6cf4397ac9"},
    {url = "https://files.pythonhosted.org/packages/09/0a/7ba8a50463c289763ab67cde3edf76bfdf9d095b578f9e0782a47ec89c76/pygame-2.4.0-cp311-cp311-win_amd64.whl", hash = "sha256:75ef535ebe541b74a160bb59c3e520f543250d19f69d5973350ec1b9706e1469"},
    {url = "https://files.pythonhosted.org/packages/13/36/97b13be0f1f715b70afa9d13a70c1709959611507de03696d1db2ca60b1b/pygame-2.4.0-cp311-cp311-macosx_10_9_x86_64.whl", hash = "sha256:23543e2d206d8de7d6db4f7b1c74e6fea6c01ead63caf7252e63341e1cdb09f6"},
    {url = "https://files.pythonhosted.org/packages/13/b9/e2b4016d6db37c4ee9dca02f51da59b2aa168d64eded3396a14d426ae8de/pygame-2.4.0-cp36-cp36m-manylinux_2_5_x86_64.manylinux1_x86_64.whl", hash = "sha256:be7f948d33d0536c2922289e6f5983251cb0bd0d727db6ff692886c239f47a2c"},
    {url = "https://files.pythonhosted.org/packages/17/d4/4acfb6b2bf6582431739a6c2b3fb5375918b937784daa148f845d8d2fb29/pygame-2.4.0-cp39-cp39-macosx_11_0_arm64.whl", hash = "sha256:e2a3176b33b97ebae397f951d254e3155a0afe730e1b76fb35126555c27dd3b5"},
    {url = "https://files.pythonhosted.org/packages/19/22/d9344878c1f8429b0e48bb0eed57a452a9ae85cc806c653d26511a1d567d/pygame-2.4.0-cp36-cp36m-manylinux_2_12_i686.manylinux2010_i686.whl", hash = "sha256:4a98ed8c47e367b9233b5ca25c36c2b45ab61959ac543195f0b6349f0a599ec8"},
    {url = "https://files.pythonhosted.org/packages/1a/5e/4e7c9d1c9f4be88e3fc963ff68f32c4cf36ffb4df81f3ca8bc039eee65b2/pygame-2.4.0-cp39-cp39-manylinux_2_12_i686.manylinux2010_i686.whl", hash = "sha256:6ec870a63295ebff737640c4ef39868312e206dcba655b4ad5c7d0e8c2488b73"},
    {url = "https://files.pythonhosted.org/packages/1c/d0/94e71d30ece5031a4a9a4c37b0eceec8b77a770ba637aa5bd55d8693d6da/pygame-2.4.0-cp38-cp38-manylinux_2_5_i686.manylinux1_i686.whl", hash = "sha256:5a2aee4214e5efed2cb3650139010dd4d0b1c29a9760278ab259d0b46281b66a"},
    {url = "https://files.pythonhosted.org/packages/20/40/54dcf2a33f65a72c696ec97dd559d8df9245b096b797526366c408bf986f/pygame-2.4.0-pp39-pypy39_pp73-macosx_10_9_x86_64.whl", hash = "sha256:e5f043751840a07ff0160abe46ed42a88bc29baee93656abb5a050beda176306"},
    {url = "https://files.pythonhosted.org/packages/22/9b/42640bd8e5328b4923faa37a8abe79fee485f9b015abd9ccc01487b56951/pygame-2.4.0-cp39-cp39-manylinux_2_17_i686.manylinux2014_i686.whl", hash = "sha256:cad74cbbefbdb81cb22a9ea22561614b8dc58fcd52cd54126bbb8ee9ee77a5d5"},
    {url = "https://files.pythonhosted.org/packages/23/ac/f6f55dcddf4fc7c959616633cbfdf829b423b22db61db8daf00ec22704b7/pygame-2.4.0-cp36-cp36m-manylinux_2_17_aarch64.manylinux2014_aarch64.whl", hash = "sha256:99c296ecb8ce6ea1f404f4d174fdb215c64515827778525301c29ddf6f8e6e07"},
    {url = "https://files.pythonhosted.org/packages/32/ea/4f653b14611f0e22b472ac832fa999ce944bc9433ad819c82e1e5505e953/pygame-2.4.0-cp310-cp310-win32.whl", hash = "sha256:4ffec9661731fb674ccc88d1de92709219047af3d8198d0e6203c21f3f1b54a7"},
    {url = "https://files.pythonhosted.org/packages/3c/85/4e0e78c9d3559dbaa104c868afc83889d707dc0f0454ad4c3ae9cd8ec660/pygame-2.4.0-cp310-cp310-manylinux_2_12_i686.manylinux2010_i686.whl", hash = "sha256:1b7201a44869eb420dd56c8e003251c9e7422c5304b3e78508e767a5634ab31b"},
    {url = "https://files.pythonhosted.org/packages/42/4e/014a718ffd67210cf2545d2e5ce1fadd846adad2f46d3c17cf712509ea96/pygame-2.4.0-cp310-cp310-win_amd64.whl", hash = "sha256:bb5a39320d00fa781959d2d0151e6f0293dd1398c6dc9dc934112ecce7b4fb52"},
    {url = "https://files.pythonhosted.org/packages/44/c5/8e2ee5e29a8d23db7966149b17c3e745d9fa21b6be94bd531e67d2d272c3/pygame-2.4.0-cp37-cp37m-manylinux_2_17_x86_64.manylinux2014_x86_64.whl", hash = "sha256:5210cb09ec31281e16fda008bf8dfe2e024eef58e075dd0c01935d0004fdfffd"},
    {url = "https://files.pythonhosted.org/packages/46/07/e081a5ea487f7d701d8b9becc79f535a3c6ec14bb14f455e5860e17dc40f/pygame-2.4.0-cp39-cp39-win_amd64.whl", hash = "sha256:93bb1406125ae9bd7a9bb0d45f11b30f157ea8d2efee1ebe9d781b1d1a9fce6b"},
    {url = "https://files.pythonhosted.org/packages/48/0c/44ab02609d845a48d489ec833b061dfdc3f9e959a078610a75bbb15f877e/pygame-2.4.0-cp310-cp310-manylinux_2_17_x86_64.manylinux2014_x86_64.whl", hash = "sha256:ab8115af26a9e95f39b08fff416f097803480f265500b218a5ca065d6e73124f"},
    {url = "https://files.pythonhosted.org/packages/4b/10/754a9449a262284821cb22e19d817849e2278b8221a451fd0b9ef577aae7/pygame-2.4.0-cp36-cp36m-win32.whl", hash = "sha256:a66b314f4a637784d5ca2970745bb2e6e554447dce8f4cfedd9b9fcef5e3ffc6"},
    {url = "https://files.pythonhosted.org/packages/4b/96/4a489c11a4f8fef4cb6e8a4fcf9deda3dfba9fcbb98da77881f028f9671c/pygame-2.4.0-cp310-cp310-macosx_11_0_arm64.whl", hash = "sha256:13511c7c29f0fc23636f3b95a96ab45f964e84073e7e27dc602a479cd274d89a"},
    {url = "https://files.pythonhosted.org/packages/4c/53/29ba6c1472b1285d4925e29dda6b7ca8248c12e5702708caedf8b1ac9fb9/pygame-2.4.0-cp311-cp311-macosx_11_0_arm64.whl", hash = "sha256:4b562cfdd8caa76ba47ca2a9211fee6b0a95ceb95c9da94cf60a3909b2300854"},
    {url = "https://files.pythonhosted.org/packages/4e/42/0da08d51a25f4ac6cd8978aad2c42a685eb27d5964fb551c765a1d9bbbed/pygame-2.4.0-cp311-cp311-manylinux_2_17_i686.manylinux2014_i686.whl", hash = "sha256:d9b1127f085d09c7c0a976d440e8fc2f7adc579d62abcfc20c23c2699bbe2dc1"},
    {url = "https://files.pythonhosted.org/packages/4e/b4/3381ad1024885436f2095aae3053159dfda993baa29c0a7c924fded003c0/pygame-2.4.0-cp310-cp310-manylinux_2_12_x86_64.manylinux2010_x86_64.whl", hash = "sha256:3ab14e06c302921f33d25180813711a920acef386d3992fc21731d2d5e8e86f0"},
    {url = "https://files.pythonhosted.org/packages/53/c9/25e253fa777e1a1e1f5bf02741d039a70326eb1e69163b17432d06f5994d/pygame-2.4.0-cp37-cp37m-win_amd64.whl", hash = "sha256:cff815181437add5f3d702e8c7f1d2aa4ed04ed04cde27ec809e7ac516ee6b5f"},
    {url = "https://files.pythonhosted.org/packages/54/da/b0b10b973d2bd43363e27c183230ce0f50d7604985c3e1ce043e847c08b0/pygame-2.4.0-cp310-cp310-manylinux_2_17_i686.manylinux2014_i686.whl", hash = "sha256:e70fd71e0321a805001192e08ae4af45b86c68f155670230c3f6f4dd25089e70"},
    {url = "https://files.pythonhosted.org/packages/56/fa/d4f4a1ce969d42618026cab1389910be5e4f65098802b869af7af077a371/pygame-2.4.0-cp38-cp38-macosx_11_0_arm64.whl", hash = "sha256:7fa1e65fd559823997f39a592cb49d8c89dd31c8bbde8273fe3922e2c1f294f6"},
    {url = "https://files.pythonhosted.org/packages/57/71/a941d5cd31a6da6c7ce2c604f92e72554188dc0e1ee6b37ebe985c8da9be/pygame-2.4.0-pp39-pypy39_pp73-manylinux_2_17_x86_64.manylinux2014_x86_64.whl", hash = "sha256:5a93d368311d40827dc5f0cad2a0e9a8700c1b017346808cfdfd9ea98aee45df"},
    {url = "https://files.pythonhosted.org/packages/5b/3f/b7d3ae9a0c15cb8c5a1b494b5a07601c3cfb5837970403cce5dcb60da0ba/pygame-2.4.0-cp38-cp38-manylinux_2_17_i686.manylinux2014_i686.whl", hash = "sha256:faa3b63b71d555e7a21cecc11c65e059d9cb1902158d863ac3592e1947bc521a"},
    {url = "https://files.pythonhosted.org/packages/5d/11/10015ae1469d241a246f12b41a57c6d8280a35dc65c48976dc85ff116f41/pygame-2.4.0-cp36-cp36m-manylinux_2_12_x86_64.manylinux2010_x86_64.whl", hash = "sha256:00ecd4688ee25d5d4cf48eddab18749a9bb2b382772f7fa8a987e4d21026c603"},
    {url = "https://files.pythonhosted.org/packages/6f/62/e6fa6957fbae2b575054e89ff2d0762658fe0e54cca2c8a41daf4141fb43/pygame-2.4.0-pp39-pypy39_pp73-manylinux_2_17_i686.manylinux2014_i686.whl", hash = "sha256:867cf19f1c7aa6f187a0a31b702f5668e935e700b46d94bd58e94ec8581cf081"},
    {url = "https://files.pythonhosted.org/packages/74/54/6d29e3385d7bcfe4118f2bcf6a1aa6aea192e4ce98837dcaeded3a6abbf0/pygame-2.4.0-cp39-cp39-manylinux_2_5_i686.manylinux1_i686.whl", hash = "sha256:075c1282b1d307669c8ef29942564b91acb85623bedba3bfb841079d539ded31"},
    {url = "https://files.pythonhosted.org/packages/75/ef/8a2f68857149860bd74be79395dfd0c4556f8c6a40f75efc20d783dd3f59/pygame-2.4.0-cp311-cp311-win32.whl", hash = "sha256:de963a4b8787d93a9fba8f4052d9dde8b12adbeac5781e48035be1557dfadb20"},
    {url = "https://files.pythonhosted.org/packages/77/be/75b4d8b277d3cdf614d02e96b72e3c16861e90fa408b9907e931d94adfc9/pygame-2.4.0-cp39-cp39-manylinux_2_17_x86_64.manylinux2014_x86_64.whl", hash = "sha256:b4c75dd345707da622c78dbd6a63a025f7b89377ddc4e71ba40043929824f5d4"},
    {url = "https://files.pythonhosted.org/packages/7c/95/d8af4d674698ba1b454a5a815751460ec30818b40565484d3b598e3fe292/pygame-2.4.0-pp36-pypy36_pp73-win32.whl", hash = "sha256:2946c151691c80ffb9f3f39e1f294d7ed9edaae1814e528d2f5b4751e7e6d903"},
    {url = "https://files.pythonhosted.org/packages/7e/d8/18c6cc31751d643a23a9c897c01318f7fdfb07272f1db128a7004a2b895b/pygame-2.4.0-cp36-cp36m-win_amd64.whl", hash = "sha256:c09323eeae9e0cb2ced0cb3635485ae17f4f1b2b6b908a494ce2d830c609d4be"},
    {url = "https://files.pythonhosted.org/packages/7e/e3/6e6de4599bf1e9c2144d181d721257eb3728a77bbb67feedca41b766aa99/pygame-2.4.0-cp39-cp39-manylinux_2_17_aarch64.manylinux2014_aarch64.whl", hash = "sha256:7e5d32def075e495b4802371fd8cda96ff4957aa39e215f83d87022dedf14cfb"},
    {url = "https://files.pythonhosted.org/packages/8a/83/c4d0a0863d04d47bf9f2dbc29e17e184f952228ed2a630fec9bdb0d1736a/pygame-2.4.0-cp37-cp37m-manylinux_2_12_i686.manylinux2010_i686.whl", hash = "sha256:802b03f6c367359c94eb6a90169666efa1aa1d6e24fce37a0b21642ccdfe48cf"},
    {url = "https://files.pythonhosted.org/packages/8b/12/ef90f0a62c56c2b225f4ddb9ceab9f4246738a6ee91b1d6785ffd750834d/pygame-2.4.0-pp37-pypy37_pp73-manylinux_2_17_i686.manylinux2014_i686.whl", hash = "sha256:80502eb26483b0206d0508475ec7d67a86bc0afc5bb4aad3a6172a7a85a27554"},
    {url = "https://files.pythonhosted.org/packages/8b/7c/76a1b49b54695a42981ec68f4c52fd54703dc4f4653a2db3eb19e5955cac/pygame-2.4.0-cp36-cp36m-manylinux_2_17_i686.manylinux2014_i686.whl", hash = "sha256:b6b94fc99487ce4a45ce00fa9145f4861f6e021254a005101d00bc17a4bb4f5c"},
    {url = "https://files.pythonhosted.org/packages/8b/85/a54e8bba9e73a0121c407c706fe4a3816079b30e14997c5e7cae2cea1758/pygame-2.4.0-cp36-cp36m-manylinux_2_5_i686.manylinux1_i686.whl", hash = "sha256:8f97c8be81b3262ad8dae982485c4a73c9f2374614dfc0db8eb0f754badb29d6"},
    {url = "https://files.pythonhosted.org/packages/91/ed/fcb0570c5b93416ab38525086ba5de15408ef300bde5d02880f586dc9cfc/pygame-2.4.0-cp39-cp39-macosx_10_9_x86_64.whl", hash = "sha256:9f6b7a604812f447495829751dfe7ab57cb31c2c9acdb07ba4b7157490411a12"},
    {url = "https://files.pythonhosted.org/packages/a2/d5/95d16bcf33746785c020d10af9222d2dc847e2d4f5ffceb49f321584e139/pygame-2.4.0-cp39-cp39-manylinux_2_5_x86_64.manylinux1_x86_64.whl", hash = "sha256:1422673a2b485153cbc20dbbd37af791c9842ca98a1b7a89fe3ac115cce79805"},
    {url = "https://files.pythonhosted.org/packages/a6/de/6d7820903a88fabfc112a69ed440c834f875af29a70210274c7f8bb13188/pygame-2.4.0-cp37-cp37m-manylinux_2_12_x86_64.manylinux2010_x86_64.whl", hash = "sha256:79b0962a8f09788ca735532cfcf2dd053424fe5eabbda564b74f8e5e2eb11f48"},
    {url = "https://files.pythonhosted.org/packages/a9/4d/b4ce6d91c7fd10608fc6cf745b50e09057519bb943e2111ea5ef7e2459ae/pygame-2.4.0-pp38-pypy38_pp73-manylinux_2_17_x86_64.manylinux2014_x86_64.whl", hash = "sha256:32ed4d4317bce8fe78592a7b5b4a07f2e0ff814e35c66cb5a3b398dae96c3f27"},
    {url = "https://files.pythonhosted.org/packages/aa/1c/a8f7d4d329eb6f554988b6d3eb6145876a30e8fcee93dc8902af4bbfd3d9/pygame-2.4.0-pp38-pypy38_pp73-manylinux_2_17_i686.manylinux2014_i686.whl", hash = "sha256:43db3a6c9be3d94eececf7c86cde7584d2bb87f394ade40139c3b4e528fdff24"},
    {url = "https://files.pythonhosted.org/packages/ad/6b/44ecd033bcccc72be36c50ecc1220bcb163b985be52cde2d819ed483a186/pygame-2.4.0-cp38-cp38-manylinux_2_12_i686.manylinux2010_i686.whl", hash = "sha256:65ee75e0e83e393fdc5c06e55e376c7511881a5ebee006ecca89cb1b3b41d6f1"},
    {url = "https://files.pythonhosted.org/packages/b3/06/596cbef298e19104576d848f8789e9ec72bb6d62e6664efce70aaa126847/pygame-2.4.0-cp37-cp37m-manylinux_2_5_i686.manylinux1_i686.whl", hash = "sha256:6060d68d10fafd51c4cb3a7d687d741009881860dfd429c863e570877e2ce9de"},
    {url = "https://files.pythonhosted.org/packages/b4/c6/af7800f1bf12979a16b625bd03c62725135f023d4e9abd4ea9c18c08bc96/pygame-2.4.0-cp36-cp36m-manylinux_2_17_x86_64.manylinux2014_x86_64.whl", hash = "sha256:f3020fb98f27a6ea79418a5b332ca07be93884e4a455c8a0a31b2dcf39ee2d96"},
    {url = "https://files.pythonhosted.org/packages/b9/42/154038c4988d750ded799dc5d6ca4e631db93888e3d76084625b0588dfd2/pygame-2.4.0.tar.gz", hash = "sha256:e3603e70e96ee30af1954ce57d4922a059402f368013e7138e90f1c03d185267"},
    {url = "https://files.pythonhosted.org/packages/b9/71/18fc753b72e20859dda4bf3b7048879d982e2a9cc22fe18956820a99bc9f/pygame-2.4.0-cp39-cp39-manylinux_2_12_x86_64.manylinux2010_x86_64.whl", hash = "sha256:e75d8c2980d719045be366160568bf508cbbed21285efe32468c75abcd4cf8b3"},
    {url = "https://files.pythonhosted.org/packages/ba/a1/df34d4bb1b7cd3423328458b640da7c162d58fb13f09b129df7a2ffed30a/pygame-2.4.0-cp38-cp38-manylinux_2_5_x86_64.manylinux1_x86_64.whl", hash = "sha256:47be83060a9dbc79763fd230f04d53a29064b5f64d1b59425c432d3570b22623"},
    {url = "https://files.pythonhosted.org/packages/be/c5/238c321465559a084b7a730edd110e41738d2f11fbffea7743e1080fa86a/pygame-2.4.0-pp37-pypy37_pp73-manylinux_2_17_x86_64.manylinux2014_x86_64.whl", hash = "sha256:f9c8bb7b77f97eb49dac900445fbf96a332d2072588949d6396581933843fb04"},
    {url = "https://files.pythonhosted.org/packages/c0/bb/1cf8e3399cfaa498df0289db4fd271067a7d78b7a76797bb29f7090df973/pygame-2.4.0-cp38-cp38-macosx_10_9_x86_64.whl", hash = "sha256:53bfdc1aea619fa8d347be37b08de87089d543375948aacf8b163b0c5eb6d4e4"},
    {url = "https://files.pythonhosted.org/packages/c4/64/f5e3c6dfe181746f35feb4d3817d88c1aadc655cfe558e28335cb8803e53/pygame-2.4.0-cp310-cp310-macosx_10_9_x86_64.whl", hash = "sha256:63591f381e5b28b90e115ac7a96f8ce5ecb917facb42d79d4f89714f89cc6d8e"},
    {url = "https://files.pythonhosted.org/packages/c5/e8/a034bbcdcb611ed60b030d9ac72cb1135693be319d367c218725dff233e8/pygame-2.4.0-cp311-cp311-manylinux_2_17_x86_64.manylinux2014_x86_64.whl", hash = "sha256:47fd096ceb68d966681f8d0e820f7305bf05b30421ca562cfdb3c89a5aef26e5"},
    {url = "https://files.pythonhosted.org/packages/c6/10/4d270a2644604a84f086906ef9f1a2366c38fd7d644b3cec286eb6120765/pygame-2.4.0-cp37-cp37m-win32.whl", hash = "sha256:fa2531f83e7c5f6f7cc20a1b4e0f982bd608aad81ff6c385148e64256ab0419f"},
    {url = "https://files.pythonhosted.org/packages/c9/7b/7f877e79011c6956fc8cf58aa9fdb2cb28c2d4ea44c4fa5b46bda4004a07/pygame-2.4.0-cp36-cp36m-macosx_10_9_x86_64.whl", hash = "sha256:ca2ecc65126eaaa5b8e6a119913cfb2c2b1ed4c8ee1b980baf333aa9d379f227"},
    {url = "https://files.pythonhosted.org/packages/c9/f9/9558aac7d429a837ef3f891a11772ae2a941c8f9d0a54e97dbdae84b4554/pygame-2.4.0-cp37-cp37m-manylinux_2_5_x86_64.manylinux1_x86_64.whl", hash = "sha256:6c0081546749c0b4341ce575622a4f8eee05f675d3a0872ab6aed6e5bd2ba5a8"},
    {url = "https://files.pythonhosted.org/packages/d5/3c/b53273ad0f6a54beaad9e3cb53dabe3d01e52160e4192fe9613aada02817/pygame-2.4.0-cp38-cp38-manylinux_2_17_x86_64.manylinux2014_x86_64.whl", hash = "sha256:ef14750fa60b47510cfe9c7c37e7abe67617f5d1f1a8ffa257a59d49836dadda"},
    {url = "https://files.pythonhosted.org/packages/d7/e8/798828e11d8535d96f589fb0283f54423d1c5096649588c025cbcf66d19a/pygame-2.4.0-cp37-cp37m-macosx_10_9_x86_64.whl", hash = "sha256:c4241e1da3852a955d37a22157ed51b2d30a65f7987eac9d162bb302fb754d87"},
    {url = "https://files.pythonhosted.org/packages/de/d6/83fa13d606cf642cd56e8c359900b35dd717bde69df245dc986aaf640bec/pygame-2.4.0-cp37-cp37m-manylinux_2_17_aarch64.manylinux2014_aarch64.whl", hash = "sha256:627c8bb007a757da18d32c5d9b7ac50ab0356d9e922d570b0572765778080787"},
    {url = "https://files.pythonhosted.org/packages/e1/0e/eeab91cbd69df04115069dd89a5d14c0a37a558212eeb2b7c30497ec0a30/pygame-2.4.0-cp311-cp311-manylinux_2_17_aarch64.manylinux2014_aarch64.whl", hash = "sha256:751bc57e4c3b7cd92762344562dcbd405e2b54488de1d7a1e083a470bdbc5ae9"},
    {url = "https://files.pythonhosted.org/packages/f0/68/89073f6c071034c7c515d36edfcc5db25ffb1c2b30f5ead4698046de5dec/pygame-2.4.0-pp38-pypy38_pp73-macosx_10_9_x86_64.whl", hash = "sha256:8b6e1493724d29e46a0e7e8125d9808c9957c652db67afe9497d385509fc5ac5"},
    {url = "https://files.pythonhosted.org/packages/f4/13/c1337e3fc68f006e87b1f0cb693375f274ecb09b921504e0d5be56186291/pygame-2.4.0-cp38-cp38-manylinux_2_12_x86_64.manylinux2010_x86_64.whl", hash = "sha256:fbcba1b06f42338fecbd366227025f81729d9f4a577677fd3cd1ceff34d7286a"},
    {url = "https://files.pythonhosted.org/packages/fc/82/6fd1dd2fcac7f959c9a5254c1ab9e54b83cd82e55c5237ec6f36c883cc8b/pygame-2.4.0-cp38-cp38-win_amd64.whl", hash = "sha256:6ba967d0e3fed8611f1face6695dc8fa554ee543d300681f8080f5de9cc7da73"},
]
"typing-extensions 4.6.3" = [
    {url = "https://files.pythonhosted.org/packages/42/56/cfaa7a5281734dadc842f3a22e50447c675a1c5a5b9f6ad8a07b467bffe7/typing_extensions-4.6.3.tar.gz", hash = "sha256:d91d5919357fe7f681a9f2b5b4cb2a5f1ef0a1e9f59c4d8ff0d3491e05c0ffd5"},
    {url = "https://files.pythonhosted.org/packages/5f/86/d9b1518d8e75b346a33eb59fa31bdbbee11459a7e2cc5be502fa779e96c5/typing_extensions-4.6.3-py3-none-any.whl", hash = "sha256:88a4153d8505aabbb4e13aacb7c486c2b4a33ca3b3f807914a9b4c844c471c26"},
]
